
Microsoft Visual Studio Solution File, Format Version 12.00
# Visual Studio 15
VisualStudioVersion = 15.0.26430.13
MinimumVisualStudioVersion = 10.0.40219.1
Project("{8BC9CEB8-8B4A-11D0-8D11-00A0C91BC942}") = "coursera", "coursera\coursera.vcxproj", "{C5BE0252-80CB-404F-9AA8-53D808068710}"
EndProject
Project("{8BC9CEB8-8B4A-11D0-8D11-00A0C91BC942}") = "sort2", "sort2\sort2.vcxproj", "{6500A54E-F137-4D98-8464-8CBA0E65927B}"
EndProject
Project("{8BC9CEB8-8B4A-11D0-8D11-00A0C91BC942}") = "SortedThings", "SortedThings\SortedThings.vcxproj", "{96F54132-5310-47AD-8B0E-8F67E72D0CD8}"
EndProject
Project("{8BC9CEB8-8B4A-11D0-8D11-00A0C91BC942}") = "Persons", "Persons\Persons.vcxproj", "{90CDA314-C0EB-453E-A960-2D7045607DC6}"
EndProject
Project("{8BC9CEB8-8B4A-11D0-8D11-00A0C91BC942}") = "alg", "alg\alg\alg.vcxproj", "{6B9AC480-1E88-4BD6-A752-51F0E5672440}"
EndProject
Project("{8BC9CEB8-8B4A-11D0-8D11-00A0C91BC942}") = "buses", "buses\buses\buses.vcxproj", "{8111E2C2-4E5A-4171-9AB3-F1376F0D5204}"
EndProject
Project("{8BC9CEB8-8B4A-11D0-8D11-00A0C91BC942}") = "buses2", "buses2\buses2\buses2.vcxproj", "{14241DE2-38BE-43F1-935D-CCB903444FC9}"
EndProject
Project("{8BC9CEB8-8B4A-11D0-8D11-00A0C91BC942}") = "capitals", "capitals\capitals\capitals.vcxproj", "{18270D02-4379-4ABF-8783-4AD0D5FF36ED}"
EndProject
Project("{8BC9CEB8-8B4A-11D0-8D11-00A0C91BC942}") = "set1", "set1\set1\set1.vcxproj", "{67A4B6F9-7241-40A1-986A-69C6FAE2C43F}"
EndProject
Project("{8BC9CEB8-8B4A-11D0-8D11-00A0C91BC942}") = "set2", "set2\set2\set2.vcxproj", "{0E02C3B8-E55A-4A69-B378-DC34102CC878}"
EndProject
Project("{8BC9CEB8-8B4A-11D0-8D11-00A0C91BC942}") = "ReversibleString", "ReversibleString\ReversibleString.vcxproj", "{0608D891-8C58-4F36-957C-C56D920EABDD}"
EndProject
Global
	GlobalSection(SolutionConfigurationPlatforms) = preSolution
		Debug|x64 = Debug|x64
		Debug|x86 = Debug|x86
		Release|x64 = Release|x64
		Release|x86 = Release|x86
	EndGlobalSection
	GlobalSection(ProjectConfigurationPlatforms) = postSolution
		{C5BE0252-80CB-404F-9AA8-53D808068710}.Debug|x64.ActiveCfg = Debug|x64
		{C5BE0252-80CB-404F-9AA8-53D808068710}.Debug|x64.Build.0 = Debug|x64
		{C5BE0252-80CB-404F-9AA8-53D808068710}.Debug|x86.ActiveCfg = Debug|Win32
		{C5BE0252-80CB-404F-9AA8-53D808068710}.Debug|x86.Build.0 = Debug|Win32
		{C5BE0252-80CB-404F-9AA8-53D808068710}.Release|x64.ActiveCfg = Release|x64
		{C5BE0252-80CB-404F-9AA8-53D808068710}.Release|x64.Build.0 = Release|x64
		{C5BE0252-80CB-404F-9AA8-53D808068710}.Release|x86.ActiveCfg = Release|Win32
		{C5BE0252-80CB-404F-9AA8-53D808068710}.Release|x86.Build.0 = Release|Win32
		{6500A54E-F137-4D98-8464-8CBA0E65927B}.Debug|x64.ActiveCfg = Debug|x64
		{6500A54E-F137-4D98-8464-8CBA0E65927B}.Debug|x64.Build.0 = Debug|x64
		{6500A54E-F137-4D98-8464-8CBA0E65927B}.Debug|x86.ActiveCfg = Debug|Win32
		{6500A54E-F137-4D98-8464-8CBA0E65927B}.Debug|x86.Build.0 = Debug|Win32
		{6500A54E-F137-4D98-8464-8CBA0E65927B}.Release|x64.ActiveCfg = Release|x64
		{6500A54E-F137-4D98-8464-8CBA0E65927B}.Release|x64.Build.0 = Release|x64
		{6500A54E-F137-4D98-8464-8CBA0E65927B}.Release|x86.ActiveCfg = Release|Win32
		{6500A54E-F137-4D98-8464-8CBA0E65927B}.Release|x86.Build.0 = Release|Win32
		{96F54132-5310-47AD-8B0E-8F67E72D0CD8}.Debug|x64.ActiveCfg = Debug|x64
		{96F54132-5310-47AD-8B0E-8F67E72D0CD8}.Debug|x64.Build.0 = Debug|x64
		{96F54132-5310-47AD-8B0E-8F67E72D0CD8}.Debug|x86.ActiveCfg = Debug|Win32
		{96F54132-5310-47AD-8B0E-8F67E72D0CD8}.Debug|x86.Build.0 = Debug|Win32
		{96F54132-5310-47AD-8B0E-8F67E72D0CD8}.Release|x64.ActiveCfg = Release|x64
		{96F54132-5310-47AD-8B0E-8F67E72D0CD8}.Release|x64.Build.0 = Release|x64
		{96F54132-5310-47AD-8B0E-8F67E72D0CD8}.Release|x86.ActiveCfg = Release|Win32
		{96F54132-5310-47AD-8B0E-8F67E72D0CD8}.Release|x86.Build.0 = Release|Win32
		{90CDA314-C0EB-453E-A960-2D7045607DC6}.Debug|x64.ActiveCfg = Debug|x64
		{90CDA314-C0EB-453E-A960-2D7045607DC6}.Debug|x64.Build.0 = Debug|x64
		{90CDA314-C0EB-453E-A960-2D7045607DC6}.Debug|x86.ActiveCfg = Debug|Win32
		{90CDA314-C0EB-453E-A960-2D7045607DC6}.Debug|x86.Build.0 = Debug|Win32
		{90CDA314-C0EB-453E-A960-2D7045607DC6}.Release|x64.ActiveCfg = Release|x64
		{90CDA314-C0EB-453E-A960-2D7045607DC6}.Release|x64.Build.0 = Release|x64
		{90CDA314-C0EB-453E-A960-2D7045607DC6}.Release|x86.ActiveCfg = Release|Win32
		{90CDA314-C0EB-453E-A960-2D7045607DC6}.Release|x86.Build.0 = Release|Win32
		{6B9AC480-1E88-4BD6-A752-51F0E5672440}.Debug|x64.ActiveCfg = Debug|x64
		{6B9AC480-1E88-4BD6-A752-51F0E5672440}.Debug|x64.Build.0 = Debug|x64
		{6B9AC480-1E88-4BD6-A752-51F0E5672440}.Debug|x86.ActiveCfg = Debug|Win32
		{6B9AC480-1E88-4BD6-A752-51F0E5672440}.Debug|x86.Build.0 = Debug|Win32
		{6B9AC480-1E88-4BD6-A752-51F0E5672440}.Release|x64.ActiveCfg = Release|x64
		{6B9AC480-1E88-4BD6-A752-51F0E5672440}.Release|x64.Build.0 = Release|x64
		{6B9AC480-1E88-4BD6-A752-51F0E5672440}.Release|x86.ActiveCfg = Release|Win32
		{6B9AC480-1E88-4BD6-A752-51F0E5672440}.Release|x86.Build.0 = Release|Win32
		{8111E2C2-4E5A-4171-9AB3-F1376F0D5204}.Debug|x64.ActiveCfg = Debug|x64
		{8111E2C2-4E5A-4171-9AB3-F1376F0D5204}.Debug|x64.Build.0 = Debug|x64
		{8111E2C2-4E5A-4171-9AB3-F1376F0D5204}.Debug|x86.ActiveCfg = Debug|Win32
		{8111E2C2-4E5A-4171-9AB3-F1376F0D5204}.Debug|x86.Build.0 = Debug|Win32
		{8111E2C2-4E5A-4171-9AB3-F1376F0D5204}.Release|x64.ActiveCfg = Release|x64
		{8111E2C2-4E5A-4171-9AB3-F1376F0D5204}.Release|x64.Build.0 = Release|x64
		{8111E2C2-4E5A-4171-9AB3-F1376F0D5204}.Release|x86.ActiveCfg = Release|Win32
		{8111E2C2-4E5A-4171-9AB3-F1376F0D5204}.Release|x86.Build.0 = Release|Win32
		{14241DE2-38BE-43F1-935D-CCB903444FC9}.Debug|x64.ActiveCfg = Debug|x64
		{14241DE2-38BE-43F1-935D-CCB903444FC9}.Debug|x64.Build.0 = Debug|x64
		{14241DE2-38BE-43F1-935D-CCB903444FC9}.Debug|x86.ActiveCfg = Debug|Win32
		{14241DE2-38BE-43F1-935D-CCB903444FC9}.Debug|x86.Build.0 = Debug|Win32
		{14241DE2-38BE-43F1-935D-CCB903444FC9}.Release|x64.ActiveCfg = Release|x64
		{14241DE2-38BE-43F1-935D-CCB903444FC9}.Release|x64.Build.0 = Release|x64
		{14241DE2-38BE-43F1-935D-CCB903444FC9}.Release|x86.ActiveCfg = Release|Win32
		{14241DE2-38BE-43F1-935D-CCB903444FC9}.Release|x86.Build.0 = Release|Win32
		{18270D02-4379-4ABF-8783-4AD0D5FF36ED}.Debug|x64.ActiveCfg = Debug|x64
		{18270D02-4379-4ABF-8783-4AD0D5FF36ED}.Debug|x64.Build.0 = Debug|x64
		{18270D02-4379-4ABF-8783-4AD0D5FF36ED}.Debug|x86.ActiveCfg = Debug|Win32
		{18270D02-4379-4ABF-8783-4AD0D5FF36ED}.Debug|x86.Build.0 = Debug|Win32
		{18270D02-4379-4ABF-8783-4AD0D5FF36ED}.Release|x64.ActiveCfg = Release|x64
		{18270D02-4379-4ABF-8783-4AD0D5FF36ED}.Release|x64.Build.0 = Release|x64
		{18270D02-4379-4ABF-8783-4AD0D5FF36ED}.Release|x86.ActiveCfg = Release|Win32
		{18270D02-4379-4ABF-8783-4AD0D5FF36ED}.Release|x86.Build.0 = Release|Win32
		{67A4B6F9-7241-40A1-986A-69C6FAE2C43F}.Debug|x64.ActiveCfg = Debug|x64
		{67A4B6F9-7241-40A1-986A-69C6FAE2C43F}.Debug|x64.Build.0 = Debug|x64
		{67A4B6F9-7241-40A1-986A-69C6FAE2C43F}.Debug|x86.ActiveCfg = Debug|Win32
		{67A4B6F9-7241-40A1-986A-69C6FAE2C43F}.Debug|x86.Build.0 = Debug|Win32
		{67A4B6F9-7241-40A1-986A-69C6FAE2C43F}.Release|x64.ActiveCfg = Release|x64
		{67A4B6F9-7241-40A1-986A-69C6FAE2C43F}.Release|x64.Build.0 = Release|x64
		{67A4B6F9-7241-40A1-986A-69C6FAE2C43F}.Release|x86.ActiveCfg = Release|Win32
		{67A4B6F9-7241-40A1-986A-69C6FAE2C43F}.Release|x86.Build.0 = Release|Win32
		{0E02C3B8-E55A-4A69-B378-DC34102CC878}.Debug|x64.ActiveCfg = Debug|x64
		{0E02C3B8-E55A-4A69-B378-DC34102CC878}.Debug|x64.Build.0 = Debug|x64
		{0E02C3B8-E55A-4A69-B378-DC34102CC878}.Debug|x86.ActiveCfg = Debug|Win32
		{0E02C3B8-E55A-4A69-B378-DC34102CC878}.Debug|x86.Build.0 = Debug|Win32
		{0E02C3B8-E55A-4A69-B378-DC34102CC878}.Release|x64.ActiveCfg = Release|x64
		{0E02C3B8-E55A-4A69-B378-DC34102CC878}.Release|x64.Build.0 = Release|x64
		{0E02C3B8-E55A-4A69-B378-DC34102CC878}.Release|x86.ActiveCfg = Release|Win32
		{0E02C3B8-E55A-4A69-B378-DC34102CC878}.Release|x86.Build.0 = Release|Win32
		{0608D891-8C58-4F36-957C-C56D920EABDD}.Debug|x64.ActiveCfg = Debug|x64
		{0608D891-8C58-4F36-957C-C56D920EABDD}.Debug|x64.Build.0 = Debug|x64
		{0608D891-8C58-4F36-957C-C56D920EABDD}.Debug|x86.ActiveCfg = Debug|Win32
		{0608D891-8C58-4F36-957C-C56D920EABDD}.Debug|x86.Build.0 = Debug|Win32
		{0608D891-8C58-4F36-957C-C56D920EABDD}.Release|x64.ActiveCfg = Release|x64
		{0608D891-8C58-4F36-957C-C56D920EABDD}.Release|x64.Build.0 = Release|x64
		{0608D891-8C58-4F36-957C-C56D920EABDD}.Release|x86.ActiveCfg = Release|Win32
		{0608D891-8C58-4F36-957C-C56D920EABDD}.Release|x86.Build.0 = Release|Win32
	EndGlobalSection
	GlobalSection(SolutionProperties) = preSolution
		HideSolutionNode = FALSE
	EndGlobalSection
EndGlobal
